
Microsoft Visual Studio Solution File, Format Version 12.00
# Visual Studio Version 17
VisualStudioVersion = 17.13.35919.96
MinimumVisualStudioVersion = 10.0.40219.1
Project("{FAE04EC0-301F-11D3-BF4B-00C04F79EFBC}") = "EyePatch", "EyePatch.csproj", "{F1855EE8-A83E-4094-9E15-228E40386943}"
EndProject
Project("{FAE04EC0-301F-11D3-BF4B-00C04F79EFBC}") = "EyePatch.Tests", "P:\repos\EyePatch\EyePatch.Tests\EyePatch.Tests.csproj", "{2AC3C1EA-39C6-4F23-9A66-C26B0D93927F}"
EndProject
Global
	GlobalSection(SolutionConfigurationPlatforms) = preSolution
		Debug|Any CPU = Debug|Any CPU
		Release|Any CPU = Release|Any CPU
	EndGlobalSection
	GlobalSection(ProjectConfigurationPlatforms) = postSolution
		{F1855EE8-A83E-4094-9E15-228E40386943}.Debug|Any CPU.ActiveCfg = Debug|Any CPU
		{F1855EE8-A83E-4094-9E15-228E40386943}.Debug|Any CPU.Build.0 = Debug|Any CPU
		{F1855EE8-A83E-4094-9E15-228E40386943}.Release|Any CPU.ActiveCfg = Release|Any CPU
		{F1855EE8-A83E-4094-9E15-228E40386943}.Release|Any CPU.Build.0 = Release|Any CPU
		{2AC3C1EA-39C6-4F23-9A66-C26B0D93927F}.Debug|Any CPU.ActiveCfg = Debug|Any CPU
		{2AC3C1EA-39C6-4F23-9A66-C26B0D93927F}.Debug|Any CPU.Build.0 = Debug|Any CPU
		{2AC3C1EA-39C6-4F23-9A66-C26B0D93927F}.Release|Any CPU.ActiveCfg = Release|Any CPU
		{2AC3C1EA-39C6-4F23-9A66-C26B0D93927F}.Release|Any CPU.Build.0 = Release|Any CPU
	EndGlobalSection
	GlobalSection(SolutionProperties) = preSolution
		HideSolutionNode = FALSE
	EndGlobalSection
	GlobalSection(ExtensibilityGlobals) = postSolution
		SolutionGuid = {2881064F-89B1-49E5-9759-217569C531D6}
	EndGlobalSection
EndGlobal
